// !$*UTF8*$!
{
	archiveVersion = 1;
	classes = {
	};
	objectVersion = 51;
	objects = {

/* Begin PBXBuildFile section */
		4B3CA715253829FE00D17FA8 /* AppDelegate.swift in Sources */ = {isa = PBXBuildFile; fileRef = 4B3CA714253829FE00D17FA8 /* AppDelegate.swift */; };
		4B3CA717253829FE00D17FA8 /* SceneDelegate.swift in Sources */ = {isa = PBXBuildFile; fileRef = 4B3CA716253829FE00D17FA8 /* SceneDelegate.swift */; };
		4B3CA71C253829FE00D17FA8 /* Main.storyboard in Resources */ = {isa = PBXBuildFile; fileRef = 4B3CA71A253829FE00D17FA8 /* Main.storyboard */; };
		4B3CA71F253829FE00D17FA8 /* MyTodolist.xcdatamodeld in Sources */ = {isa = PBXBuildFile; fileRef = 4B3CA71D253829FE00D17FA8 /* MyTodolist.xcdatamodeld */; };
		4B3CA72125382A0200D17FA8 /* Assets.xcassets in Resources */ = {isa = PBXBuildFile; fileRef = 4B3CA72025382A0200D17FA8 /* Assets.xcassets */; };
		4B3CA72425382A0200D17FA8 /* LaunchScreen.storyboard in Resources */ = {isa = PBXBuildFile; fileRef = 4B3CA72225382A0200D17FA8 /* LaunchScreen.storyboard */; };
		4B3CA73A2538333A00D17FA8 /* Pagination.swift in Sources */ = {isa = PBXBuildFile; fileRef = 4B3CA7392538333A00D17FA8 /* Pagination.swift */; };
		4B3CA73C2538336200D17FA8 /* ListViewHost.swift in Sources */ = {isa = PBXBuildFile; fileRef = 4B3CA73B2538336200D17FA8 /* ListViewHost.swift */; };
		4B3CA73E2538339600D17FA8 /* TodolistViewController.swift in Sources */ = {isa = PBXBuildFile; fileRef = 4B3CA73D2538339600D17FA8 /* TodolistViewController.swift */; };
		4B3CA742253833F000D17FA8 /* TodolistTableViewCell.swift in Sources */ = {isa = PBXBuildFile; fileRef = 4B3CA741253833F000D17FA8 /* TodolistTableViewCell.swift */; };
		4B3CA7442538341300D17FA8 /* TodolistCellModel.swift in Sources */ = {isa = PBXBuildFile; fileRef = 4B3CA7432538341300D17FA8 /* TodolistCellModel.swift */; };
		4B3CA7462538343600D17FA8 /* DBManager.swift in Sources */ = {isa = PBXBuildFile; fileRef = 4B3CA7452538343600D17FA8 /* DBManager.swift */; };
		4B3CA74C2538425400D17FA8 /* AddListViewController.swift in Sources */ = {isa = PBXBuildFile; fileRef = 4B3CA74B2538425400D17FA8 /* AddListViewController.swift */; };
		4B3CA75125384AAF00D17FA8 /* UIColor.swift in Sources */ = {isa = PBXBuildFile; fileRef = 4B3CA75025384AAF00D17FA8 /* UIColor.swift */; };
		4B45FC4D254143C600DB521D /* DoneListViewController.swift in Sources */ = {isa = PBXBuildFile; fileRef = 4B45FC4C254143C600DB521D /* DoneListViewController.swift */; };
		4B45FC4F2541443C00DB521D /* DoneListTableViewCell.swift in Sources */ = {isa = PBXBuildFile; fileRef = 4B45FC4E2541443C00DB521D /* DoneListTableViewCell.swift */; };
		4B45FC52254144B500DB521D /* DoneListCellModel.swift in Sources */ = {isa = PBXBuildFile; fileRef = 4B45FC51254144B500DB521D /* DoneListCellModel.swift */; };
		4B45FC58254146B600DB521D /* DoneListController.swift in Sources */ = {isa = PBXBuildFile; fileRef = 4B45FC57254146B600DB521D /* DoneListController.swift */; };
		4B45FC5A2541592D00DB521D /* TodolistViewModel.swift in Sources */ = {isa = PBXBuildFile; fileRef = 4B45FC592541592D00DB521D /* TodolistViewModel.swift */; };
		4B45FC5D25417F7C00DB521D /* Todolist+CoreDataClass.swift in Sources */ = {isa = PBXBuildFile; fileRef = 4B45FC5B25417F7C00DB521D /* Todolist+CoreDataClass.swift */; };
		4B45FC5E25417F7C00DB521D /* Todolist+CoreDataProperties.swift in Sources */ = {isa = PBXBuildFile; fileRef = 4B45FC5C25417F7C00DB521D /* Todolist+CoreDataProperties.swift */; };
		4B45FC602542AF2200DB521D /* TabBarViewController.swift in Sources */ = {isa = PBXBuildFile; fileRef = 4B45FC5F2542AF2100DB521D /* TabBarViewController.swift */; };
		4B45FC622542B7BE00DB521D /* WeatherViewController.swift in Sources */ = {isa = PBXBuildFile; fileRef = 4B45FC612542B7BE00DB521D /* WeatherViewController.swift */; };
		4B51F110254941D200D57D5E /* UIIamgeView.swift in Sources */ = {isa = PBXBuildFile; fileRef = 4B51F10F254941D200D57D5E /* UIIamgeView.swift */; };
		4B51F11225494B8200D57D5E /* CurrentWeatherCellModel.swift in Sources */ = {isa = PBXBuildFile; fileRef = 4B51F11125494B8200D57D5E /* CurrentWeatherCellModel.swift */; };
		4B51F11425494BA600D57D5E /* WeatherTableViewCell.swift in Sources */ = {isa = PBXBuildFile; fileRef = 4B51F11325494BA600D57D5E /* WeatherTableViewCell.swift */; };
		4BC702BA25467816000ED7E8 /* NetworkManager.swift in Sources */ = {isa = PBXBuildFile; fileRef = 4BC702B925467816000ED7E8 /* NetworkManager.swift */; };
		4BC702BC2546966A000ED7E8 /* WeatherModel.swift in Sources */ = {isa = PBXBuildFile; fileRef = 4BC702BB2546966A000ED7E8 /* WeatherModel.swift */; };
		4BC702BE2546A29C000ED7E8 /* WeatherRouter.swift in Sources */ = {isa = PBXBuildFile; fileRef = 4BC702BD2546A29C000ED7E8 /* WeatherRouter.swift */; };
		6C07160481700B6A93D72847 /* Pods_MyTodolist.framework in Frameworks */ = {isa = PBXBuildFile; fileRef = D1B5F12E85AC9624C691E61D /* Pods_MyTodolist.framework */; };
/* End PBXBuildFile section */

/* Begin PBXFileReference section */
		4B3CA711253829FE00D17FA8 /* MyTodolist.app */ = {isa = PBXFileReference; explicitFileType = wrapper.application; includeInIndex = 0; path = MyTodolist.app; sourceTree = BUILT_PRODUCTS_DIR; };
		4B3CA714253829FE00D17FA8 /* AppDelegate.swift */ = {isa = PBXFileReference; lastKnownFileType = sourcecode.swift; path = AppDelegate.swift; sourceTree = "<group>"; };
		4B3CA716253829FE00D17FA8 /* SceneDelegate.swift */ = {isa = PBXFileReference; lastKnownFileType = sourcecode.swift; path = SceneDelegate.swift; sourceTree = "<group>"; };
		4B3CA71B253829FE00D17FA8 /* Base */ = {isa = PBXFileReference; lastKnownFileType = file.storyboard; name = Base; path = Base.lproj/Main.storyboard; sourceTree = "<group>"; };
		4B3CA71E253829FE00D17FA8 /* MyTodolist.xcdatamodel */ = {isa = PBXFileReference; lastKnownFileType = wrapper.xcdatamodel; path = MyTodolist.xcdatamodel; sourceTree = "<group>"; };
		4B3CA72025382A0200D17FA8 /* Assets.xcassets */ = {isa = PBXFileReference; lastKnownFileType = folder.assetcatalog; path = Assets.xcassets; sourceTree = "<group>"; };
		4B3CA72325382A0200D17FA8 /* Base */ = {isa = PBXFileReference; lastKnownFileType = file.storyboard; name = Base; path = Base.lproj/LaunchScreen.storyboard; sourceTree = "<group>"; };
		4B3CA72525382A0200D17FA8 /* Info.plist */ = {isa = PBXFileReference; lastKnownFileType = text.plist.xml; path = Info.plist; sourceTree = "<group>"; };
		4B3CA7392538333A00D17FA8 /* Pagination.swift */ = {isa = PBXFileReference; lastKnownFileType = sourcecode.swift; path = Pagination.swift; sourceTree = "<group>"; };
		4B3CA73B2538336200D17FA8 /* ListViewHost.swift */ = {isa = PBXFileReference; lastKnownFileType = sourcecode.swift; path = ListViewHost.swift; sourceTree = "<group>"; };
		4B3CA73D2538339600D17FA8 /* TodolistViewController.swift */ = {isa = PBXFileReference; lastKnownFileType = sourcecode.swift; path = TodolistViewController.swift; sourceTree = "<group>"; };
		4B3CA741253833F000D17FA8 /* TodolistTableViewCell.swift */ = {isa = PBXFileReference; lastKnownFileType = sourcecode.swift; path = TodolistTableViewCell.swift; sourceTree = "<group>"; };
		4B3CA7432538341300D17FA8 /* TodolistCellModel.swift */ = {isa = PBXFileReference; lastKnownFileType = sourcecode.swift; path = TodolistCellModel.swift; sourceTree = "<group>"; };
		4B3CA7452538343600D17FA8 /* DBManager.swift */ = {isa = PBXFileReference; lastKnownFileType = sourcecode.swift; path = DBManager.swift; sourceTree = "<group>"; };
		4B3CA74B2538425400D17FA8 /* AddListViewController.swift */ = {isa = PBXFileReference; lastKnownFileType = sourcecode.swift; path = AddListViewController.swift; sourceTree = "<group>"; };
		4B3CA75025384AAF00D17FA8 /* UIColor.swift */ = {isa = PBXFileReference; lastKnownFileType = sourcecode.swift; path = UIColor.swift; sourceTree = "<group>"; };
		4B45FC4C254143C600DB521D /* DoneListViewController.swift */ = {isa = PBXFileReference; lastKnownFileType = sourcecode.swift; path = DoneListViewController.swift; sourceTree = "<group>"; };
		4B45FC4E2541443C00DB521D /* DoneListTableViewCell.swift */ = {isa = PBXFileReference; lastKnownFileType = sourcecode.swift; path = DoneListTableViewCell.swift; sourceTree = "<group>"; };
		4B45FC51254144B500DB521D /* DoneListCellModel.swift */ = {isa = PBXFileReference; lastKnownFileType = sourcecode.swift; path = DoneListCellModel.swift; sourceTree = "<group>"; };
		4B45FC57254146B600DB521D /* DoneListController.swift */ = {isa = PBXFileReference; lastKnownFileType = sourcecode.swift; path = DoneListController.swift; sourceTree = "<group>"; };
		4B45FC592541592D00DB521D /* TodolistViewModel.swift */ = {isa = PBXFileReference; lastKnownFileType = sourcecode.swift; path = TodolistViewModel.swift; sourceTree = "<group>"; };
		4B45FC5B25417F7C00DB521D /* Todolist+CoreDataClass.swift */ = {isa = PBXFileReference; lastKnownFileType = sourcecode.swift; path = "Todolist+CoreDataClass.swift"; sourceTree = "<group>"; };
		4B45FC5C25417F7C00DB521D /* Todolist+CoreDataProperties.swift */ = {isa = PBXFileReference; lastKnownFileType = sourcecode.swift; path = "Todolist+CoreDataProperties.swift"; sourceTree = "<group>"; };
		4B45FC5F2542AF2100DB521D /* TabBarViewController.swift */ = {isa = PBXFileReference; lastKnownFileType = sourcecode.swift; path = TabBarViewController.swift; sourceTree = "<group>"; };
		4B45FC612542B7BE00DB521D /* WeatherViewController.swift */ = {isa = PBXFileReference; lastKnownFileType = sourcecode.swift; path = WeatherViewController.swift; sourceTree = "<group>"; };
		4B51F10F254941D200D57D5E /* UIIamgeView.swift */ = {isa = PBXFileReference; lastKnownFileType = sourcecode.swift; path = UIIamgeView.swift; sourceTree = "<group>"; };
		4B51F11125494B8200D57D5E /* CurrentWeatherCellModel.swift */ = {isa = PBXFileReference; lastKnownFileType = sourcecode.swift; path = CurrentWeatherCellModel.swift; sourceTree = "<group>"; };
		4B51F11325494BA600D57D5E /* WeatherTableViewCell.swift */ = {isa = PBXFileReference; lastKnownFileType = sourcecode.swift; path = WeatherTableViewCell.swift; sourceTree = "<group>"; };
		4BC702B925467816000ED7E8 /* NetworkManager.swift */ = {isa = PBXFileReference; lastKnownFileType = sourcecode.swift; path = NetworkManager.swift; sourceTree = "<group>"; };
		4BC702BB2546966A000ED7E8 /* WeatherModel.swift */ = {isa = PBXFileReference; lastKnownFileType = sourcecode.swift; path = WeatherModel.swift; sourceTree = "<group>"; };
		4BC702BD2546A29C000ED7E8 /* WeatherRouter.swift */ = {isa = PBXFileReference; lastKnownFileType = sourcecode.swift; path = WeatherRouter.swift; sourceTree = "<group>"; };
		C7BEF0C55C340262C87FB9A2 /* Pods-MyTodolist.debug.xcconfig */ = {isa = PBXFileReference; includeInIndex = 1; lastKnownFileType = text.xcconfig; name = "Pods-MyTodolist.debug.xcconfig"; path = "Target Support Files/Pods-MyTodolist/Pods-MyTodolist.debug.xcconfig"; sourceTree = "<group>"; };
		D1B5F12E85AC9624C691E61D /* Pods_MyTodolist.framework */ = {isa = PBXFileReference; explicitFileType = wrapper.framework; includeInIndex = 0; path = Pods_MyTodolist.framework; sourceTree = BUILT_PRODUCTS_DIR; };
		E3EBB062A498F09CF9DF9AB5 /* Pods-MyTodolist.release.xcconfig */ = {isa = PBXFileReference; includeInIndex = 1; lastKnownFileType = text.xcconfig; name = "Pods-MyTodolist.release.xcconfig"; path = "Target Support Files/Pods-MyTodolist/Pods-MyTodolist.release.xcconfig"; sourceTree = "<group>"; };
/* End PBXFileReference section */

/* Begin PBXFrameworksBuildPhase section */
		4B3CA70E253829FE00D17FA8 /* Frameworks */ = {
			isa = PBXFrameworksBuildPhase;
			buildActionMask = 2147483647;
			files = (
				6C07160481700B6A93D72847 /* Pods_MyTodolist.framework in Frameworks */,
			);
			runOnlyForDeploymentPostprocessing = 0;
		};
/* End PBXFrameworksBuildPhase section */

/* Begin PBXGroup section */
		4B3CA708253829FE00D17FA8 = {
			isa = PBXGroup;
			children = (
				4B3CA713253829FE00D17FA8 /* MyTodolist */,
				4B3CA712253829FE00D17FA8 /* Products */,
				99504AAA5177E48A67275FA7 /* Pods */,
				D9E71AB77AFAC01E8F1E859A /* Frameworks */,
			);
			sourceTree = "<group>";
		};
		4B3CA712253829FE00D17FA8 /* Products */ = {
			isa = PBXGroup;
			children = (
				4B3CA711253829FE00D17FA8 /* MyTodolist.app */,
			);
			name = Products;
			sourceTree = "<group>";
		};
		4B3CA713253829FE00D17FA8 /* MyTodolist */ = {
			isa = PBXGroup;
			children = (
				4B3CA714253829FE00D17FA8 /* AppDelegate.swift */,
				4B3CA716253829FE00D17FA8 /* SceneDelegate.swift */,
				4B45FC5F2542AF2100DB521D /* TabBarViewController.swift */,
				4B3CA71A253829FE00D17FA8 /* Main.storyboard */,
				4B3CA72225382A0200D17FA8 /* LaunchScreen.storyboard */,
				4B3CA72025382A0200D17FA8 /* Assets.xcassets */,
				4B3CA72525382A0200D17FA8 /* Info.plist */,
				4B3CA71D253829FE00D17FA8 /* MyTodolist.xcdatamodeld */,
				4B51F117254A64B200D57D5E /* Manager */,
				4B459885253FF04E0077F99A /* Model */,
				4B3CA74F25384A9D00D17FA8 /* Extension */,
				4B3CA7382538331E00D17FA8 /* Protocol */,
				4B3CA7492538420100D17FA8 /* Todolist Page */,
				4B3CA74A2538423800D17FA8 /* Addlist Page */,
				4B45FC502541445100DB521D /* Donelist Page */,
				4B45FC632542B7C300DB521D /* Weather */,
			);
			path = MyTodolist;
			sourceTree = "<group>";
		};
		4B3CA7382538331E00D17FA8 /* Protocol */ = {
			isa = PBXGroup;
			children = (
				4B3CA7392538333A00D17FA8 /* Pagination.swift */,
				4B3CA73B2538336200D17FA8 /* ListViewHost.swift */,
			);
			path = Protocol;
			sourceTree = "<group>";
		};
		4B3CA7492538420100D17FA8 /* Todolist Page */ = {
			isa = PBXGroup;
			children = (
				4B3CA73D2538339600D17FA8 /* TodolistViewController.swift */,
				4B45FC592541592D00DB521D /* TodolistViewModel.swift */,
				4B3CA741253833F000D17FA8 /* TodolistTableViewCell.swift */,
				4B3CA7432538341300D17FA8 /* TodolistCellModel.swift */,
			);
			path = "Todolist Page";
			sourceTree = "<group>";
		};
		4B3CA74A2538423800D17FA8 /* Addlist Page */ = {
			isa = PBXGroup;
			children = (
				4B3CA74B2538425400D17FA8 /* AddListViewController.swift */,
			);
			path = "Addlist Page";
			sourceTree = "<group>";
		};
		4B3CA74F25384A9D00D17FA8 /* Extension */ = {
			isa = PBXGroup;
			children = (
				4B3CA75025384AAF00D17FA8 /* UIColor.swift */,
				4B51F10F254941D200D57D5E /* UIIamgeView.swift */,
			);
			path = Extension;
			sourceTree = "<group>";
		};
		4B459885253FF04E0077F99A /* Model */ = {
			isa = PBXGroup;
			children = (
				4B45FC5B25417F7C00DB521D /* Todolist+CoreDataClass.swift */,
				4B45FC5C25417F7C00DB521D /* Todolist+CoreDataProperties.swift */,
			);
			path = Model;
			sourceTree = "<group>";
		};
		4B45FC502541445100DB521D /* Donelist Page */ = {
			isa = PBXGroup;
			children = (
				4B45FC4C254143C600DB521D /* DoneListViewController.swift */,
				4B45FC57254146B600DB521D /* DoneListController.swift */,
				4B45FC4E2541443C00DB521D /* DoneListTableViewCell.swift */,
				4B45FC51254144B500DB521D /* DoneListCellModel.swift */,
			);
			path = "Donelist Page";
			sourceTree = "<group>";
		};
		4B45FC632542B7C300DB521D /* Weather */ = {
			isa = PBXGroup;
			children = (
				4B45FC612542B7BE00DB521D /* WeatherViewController.swift */,
				4B51F11325494BA600D57D5E /* WeatherTableViewCell.swift */,
				4B51F11125494B8200D57D5E /* CurrentWeatherCellModel.swift */,
				4BC702BD2546A29C000ED7E8 /* WeatherRouter.swift */,
				4BC702BB2546966A000ED7E8 /* WeatherModel.swift */,
			);
			path = Weather;
			sourceTree = "<group>";
		};
		4B51F117254A64B200D57D5E /* Manager */ = {
			isa = PBXGroup;
			children = (
				4BC702B925467816000ED7E8 /* NetworkManager.swift */,
				4B3CA7452538343600D17FA8 /* DBManager.swift */,
			);
			path = Manager;
			sourceTree = "<group>";
		};
		99504AAA5177E48A67275FA7 /* Pods */ = {
			isa = PBXGroup;
			children = (
				C7BEF0C55C340262C87FB9A2 /* Pods-MyTodolist.debug.xcconfig */,
				E3EBB062A498F09CF9DF9AB5 /* Pods-MyTodolist.release.xcconfig */,
			);
			path = Pods;
			sourceTree = "<group>";
		};
		D9E71AB77AFAC01E8F1E859A /* Frameworks */ = {
			isa = PBXGroup;
			children = (
				D1B5F12E85AC9624C691E61D /* Pods_MyTodolist.framework */,
			);
			name = Frameworks;
			sourceTree = "<group>";
		};
/* End PBXGroup section */

/* Begin PBXNativeTarget section */
		4B3CA710253829FE00D17FA8 /* MyTodolist */ = {
			isa = PBXNativeTarget;
			buildConfigurationList = 4B3CA72825382A0200D17FA8 /* Build configuration list for PBXNativeTarget "MyTodolist" */;
			buildPhases = (
				8C73E0C18EBE98CAE26739DF /* [CP] Check Pods Manifest.lock */,
				4B3CA70D253829FE00D17FA8 /* Sources */,
				4B3CA70E253829FE00D17FA8 /* Frameworks */,
				4B3CA70F253829FE00D17FA8 /* Resources */,
				D0E67B0A97E69E3FA79F95E9 /* [CP] Embed Pods Frameworks */,
			);
			buildRules = (
			);
			dependencies = (
			);
			name = MyTodolist;
			productName = MyTodolist;
			productReference = 4B3CA711253829FE00D17FA8 /* MyTodolist.app */;
			productType = "com.apple.product-type.application";
		};
/* End PBXNativeTarget section */

/* Begin PBXProject section */
		4B3CA709253829FE00D17FA8 /* Project object */ = {
			isa = PBXProject;
			attributes = {
				LastSwiftUpdateCheck = 1170;
				LastUpgradeCheck = 1170;
				ORGANIZATIONNAME = "謝宛軒";
				TargetAttributes = {
					4B3CA710253829FE00D17FA8 = {
						CreatedOnToolsVersion = 11.7;
					};
				};
			};
			buildConfigurationList = 4B3CA70C253829FE00D17FA8 /* Build configuration list for PBXProject "MyTodolist" */;
			compatibilityVersion = "Xcode 9.3";
			developmentRegion = en;
			hasScannedForEncodings = 0;
			knownRegions = (
				en,
				Base,
			);
			mainGroup = 4B3CA708253829FE00D17FA8;
			productRefGroup = 4B3CA712253829FE00D17FA8 /* Products */;
			projectDirPath = "";
			projectRoot = "";
			targets = (
				4B3CA710253829FE00D17FA8 /* MyTodolist */,
			);
		};
/* End PBXProject section */

/* Begin PBXResourcesBuildPhase section */
		4B3CA70F253829FE00D17FA8 /* Resources */ = {
			isa = PBXResourcesBuildPhase;
			buildActionMask = 2147483647;
			files = (
				4B3CA72425382A0200D17FA8 /* LaunchScreen.storyboard in Resources */,
				4B3CA72125382A0200D17FA8 /* Assets.xcassets in Resources */,
				4B3CA71C253829FE00D17FA8 /* Main.storyboard in Resources */,
			);
			runOnlyForDeploymentPostprocessing = 0;
		};
/* End PBXResourcesBuildPhase section */

/* Begin PBXShellScriptBuildPhase section */
		8C73E0C18EBE98CAE26739DF /* [CP] Check Pods Manifest.lock */ = {
			isa = PBXShellScriptBuildPhase;
			buildActionMask = 2147483647;
			files = (
			);
			inputFileListPaths = (
			);
			inputPaths = (
				"${PODS_PODFILE_DIR_PATH}/Podfile.lock",
				"${PODS_ROOT}/Manifest.lock",
			);
			name = "[CP] Check Pods Manifest.lock";
			outputFileListPaths = (
			);
			outputPaths = (
				"$(DERIVED_FILE_DIR)/Pods-MyTodolist-checkManifestLockResult.txt",
			);
			runOnlyForDeploymentPostprocessing = 0;
			shellPath = /bin/sh;
			shellScript = "diff \"${PODS_PODFILE_DIR_PATH}/Podfile.lock\" \"${PODS_ROOT}/Manifest.lock\" > /dev/null\nif [ $? != 0 ] ; then\n    # print error to STDERR\n    echo \"error: The sandbox is not in sync with the Podfile.lock. Run 'pod install' or update your CocoaPods installation.\" >&2\n    exit 1\nfi\n# This output is used by Xcode 'outputs' to avoid re-running this script phase.\necho \"SUCCESS\" > \"${SCRIPT_OUTPUT_FILE_0}\"\n";
			showEnvVarsInLog = 0;
		};
		D0E67B0A97E69E3FA79F95E9 /* [CP] Embed Pods Frameworks */ = {
			isa = PBXShellScriptBuildPhase;
			buildActionMask = 2147483647;
			files = (
			);
			inputFileListPaths = (
				"${PODS_ROOT}/Target Support Files/Pods-MyTodolist/Pods-MyTodolist-frameworks-${CONFIGURATION}-input-files.xcfilelist",
			);
			name = "[CP] Embed Pods Frameworks";
			outputFileListPaths = (
				"${PODS_ROOT}/Target Support Files/Pods-MyTodolist/Pods-MyTodolist-frameworks-${CONFIGURATION}-output-files.xcfilelist",
			);
			runOnlyForDeploymentPostprocessing = 0;
			shellPath = /bin/sh;
			shellScript = "\"${PODS_ROOT}/Target Support Files/Pods-MyTodolist/Pods-MyTodolist-frameworks.sh\"\n";
			showEnvVarsInLog = 0;
		};
/* End PBXShellScriptBuildPhase section */

/* Begin PBXSourcesBuildPhase section */
		4B3CA70D253829FE00D17FA8 /* Sources */ = {
			isa = PBXSourcesBuildPhase;
			buildActionMask = 2147483647;
			files = (
				4B45FC58254146B600DB521D /* DoneListController.swift in Sources */,
				4B45FC5A2541592D00DB521D /* TodolistViewModel.swift in Sources */,
				4B45FC52254144B500DB521D /* DoneListCellModel.swift in Sources */,
				4BC702BA25467816000ED7E8 /* NetworkManager.swift in Sources */,
				4B45FC622542B7BE00DB521D /* WeatherViewController.swift in Sources */,
				4B3CA73C2538336200D17FA8 /* ListViewHost.swift in Sources */,
				4B45FC4D254143C600DB521D /* DoneListViewController.swift in Sources */,
				4B3CA7462538343600D17FA8 /* DBManager.swift in Sources */,
				4B3CA73E2538339600D17FA8 /* TodolistViewController.swift in Sources */,
				4B51F110254941D200D57D5E /* UIIamgeView.swift in Sources */,
				4B45FC602542AF2200DB521D /* TabBarViewController.swift in Sources */,
				4B3CA75125384AAF00D17FA8 /* UIColor.swift in Sources */,
				4B45FC5D25417F7C00DB521D /* Todolist+CoreDataClass.swift in Sources */,
				4B45FC4F2541443C00DB521D /* DoneListTableViewCell.swift in Sources */,
				4B3CA74C2538425400D17FA8 /* AddListViewController.swift in Sources */,
				4B3CA7442538341300D17FA8 /* TodolistCellModel.swift in Sources */,
				4B51F11225494B8200D57D5E /* CurrentWeatherCellModel.swift in Sources */,
				4B3CA742253833F000D17FA8 /* TodolistTableViewCell.swift in Sources */,
				4B3CA715253829FE00D17FA8 /* AppDelegate.swift in Sources */,
				4B45FC5E25417F7C00DB521D /* Todolist+CoreDataProperties.swift in Sources */,
				4BC702BC2546966A000ED7E8 /* WeatherModel.swift in Sources */,
				4B3CA73A2538333A00D17FA8 /* Pagination.swift in Sources */,
				4B3CA717253829FE00D17FA8 /* SceneDelegate.swift in Sources */,
				4B3CA71F253829FE00D17FA8 /* MyTodolist.xcdatamodeld in Sources */,
				4B51F11425494BA600D57D5E /* WeatherTableViewCell.swift in Sources */,
				4BC702BE2546A29C000ED7E8 /* WeatherRouter.swift in Sources */,
			);
			runOnlyForDeploymentPostprocessing = 0;
		};
/* End PBXSourcesBuildPhase section */

/* Begin PBXVariantGroup section */
		4B3CA71A253829FE00D17FA8 /* Main.storyboard */ = {
			isa = PBXVariantGroup;
			children = (
				4B3CA71B253829FE00D17FA8 /* Base */,
			);
			name = Main.storyboard;
			sourceTree = "<group>";
		};
		4B3CA72225382A0200D17FA8 /* LaunchScreen.storyboard */ = {
			isa = PBXVariantGroup;
			children = (
				4B3CA72325382A0200D17FA8 /* Base */,
			);
			name = LaunchScreen.storyboard;
			sourceTree = "<group>";
		};
/* End PBXVariantGroup section */

/* Begin XCBuildConfiguration section */
		4B3CA72625382A0200D17FA8 /* Debug */ = {
			isa = XCBuildConfiguration;
			buildSettings = {
				ALWAYS_SEARCH_USER_PATHS = NO;
				CLANG_ANALYZER_NONNULL = YES;
				CLANG_ANALYZER_NUMBER_OBJECT_CONVERSION = YES_AGGRESSIVE;
				CLANG_CXX_LANGUAGE_STANDARD = "gnu++14";
				CLANG_CXX_LIBRARY = "libc++";
				CLANG_ENABLE_MODULES = YES;
				CLANG_ENABLE_OBJC_ARC = YES;
				CLANG_ENABLE_OBJC_WEAK = YES;
				CLANG_WARN_BLOCK_CAPTURE_AUTORELEASING = YES;
				CLANG_WARN_BOOL_CONVERSION = YES;
				CLANG_WARN_COMMA = YES;
				CLANG_WARN_CONSTANT_CONVERSION = YES;
				CLANG_WARN_DEPRECATED_OBJC_IMPLEMENTATIONS = YES;
				CLANG_WARN_DIRECT_OBJC_ISA_USAGE = YES_ERROR;
				CLANG_WARN_DOCUMENTATION_COMMENTS = YES;
				CLANG_WARN_EMPTY_BODY = YES;
				CLANG_WARN_ENUM_CONVERSION = YES;
				CLANG_WARN_INFINITE_RECURSION = YES;
				CLANG_WARN_INT_CONVERSION = YES;
				CLANG_WARN_NON_LITERAL_NULL_CONVERSION = YES;
				CLANG_WARN_OBJC_IMPLICIT_RETAIN_SELF = YES;
				CLANG_WARN_OBJC_LITERAL_CONVERSION = YES;
				CLANG_WARN_OBJC_ROOT_CLASS = YES_ERROR;
				CLANG_WARN_RANGE_LOOP_ANALYSIS = YES;
				CLANG_WARN_STRICT_PROTOTYPES = YES;
				CLANG_WARN_SUSPICIOUS_MOVE = YES;
				CLANG_WARN_UNGUARDED_AVAILABILITY = YES_AGGRESSIVE;
				CLANG_WARN_UNREACHABLE_CODE = YES;
				CLANG_WARN__DUPLICATE_METHOD_MATCH = YES;
				COPY_PHASE_STRIP = NO;
				DEBUG_INFORMATION_FORMAT = dwarf;
				ENABLE_STRICT_OBJC_MSGSEND = YES;
				ENABLE_TESTABILITY = YES;
				GCC_C_LANGUAGE_STANDARD = gnu11;
				GCC_DYNAMIC_NO_PIC = NO;
				GCC_NO_COMMON_BLOCKS = YES;
				GCC_OPTIMIZATION_LEVEL = 0;
				GCC_PREPROCESSOR_DEFINITIONS = (
					"DEBUG=1",
					"$(inherited)",
				);
				GCC_WARN_64_TO_32_BIT_CONVERSION = YES;
				GCC_WARN_ABOUT_RETURN_TYPE = YES_ERROR;
				GCC_WARN_UNDECLARED_SELECTOR = YES;
				GCC_WARN_UNINITIALIZED_AUTOS = YES_AGGRESSIVE;
				GCC_WARN_UNUSED_FUNCTION = YES;
				GCC_WARN_UNUSED_VARIABLE = YES;
				IPHONEOS_DEPLOYMENT_TARGET = 13.7;
				MTL_ENABLE_DEBUG_INFO = INCLUDE_SOURCE;
				MTL_FAST_MATH = YES;
				ONLY_ACTIVE_ARCH = YES;
				SDKROOT = iphoneos;
				SWIFT_ACTIVE_COMPILATION_CONDITIONS = DEBUG;
				SWIFT_OPTIMIZATION_LEVEL = "-Onone";
			};
			name = Debug;
		};
		4B3CA72725382A0200D17FA8 /* Release */ = {
			isa = XCBuildConfiguration;
			buildSettings = {
				ALWAYS_SEARCH_USER_PATHS = NO;
				CLANG_ANALYZER_NONNULL = YES;
				CLANG_ANALYZER_NUMBER_OBJECT_CONVERSION = YES_AGGRESSIVE;
				CLANG_CXX_LANGUAGE_STANDARD = "gnu++14";
				CLANG_CXX_LIBRARY = "libc++";
				CLANG_ENABLE_MODULES = YES;
				CLANG_ENABLE_OBJC_ARC = YES;
				CLANG_ENABLE_OBJC_WEAK = YES;
				CLANG_WARN_BLOCK_CAPTURE_AUTORELEASING = YES;
				CLANG_WARN_BOOL_CONVERSION = YES;
				CLANG_WARN_COMMA = YES;
				CLANG_WARN_CONSTANT_CONVERSION = YES;
				CLANG_WARN_DEPRECATED_OBJC_IMPLEMENTATIONS = YES;
				CLANG_WARN_DIRECT_OBJC_ISA_USAGE = YES_ERROR;
				CLANG_WARN_DOCUMENTATION_COMMENTS = YES;
				CLANG_WARN_EMPTY_BODY = YES;
				CLANG_WARN_ENUM_CONVERSION = YES;
				CLANG_WARN_INFINITE_RECURSION = YES;
				CLANG_WARN_INT_CONVERSION = YES;
				CLANG_WARN_NON_LITERAL_NULL_CONVERSION = YES;
				CLANG_WARN_OBJC_IMPLICIT_RETAIN_SELF = YES;
				CLANG_WARN_OBJC_LITERAL_CONVERSION = YES;
				CLANG_WARN_OBJC_ROOT_CLASS = YES_ERROR;
				CLANG_WARN_RANGE_LOOP_ANALYSIS = YES;
				CLANG_WARN_STRICT_PROTOTYPES = YES;
				CLANG_WARN_SUSPICIOUS_MOVE = YES;
				CLANG_WARN_UNGUARDED_AVAILABILITY = YES_AGGRESSIVE;
				CLANG_WARN_UNREACHABLE_CODE = YES;
				CLANG_WARN__DUPLICATE_METHOD_MATCH = YES;
				COPY_PHASE_STRIP = NO;
				DEBUG_INFORMATION_FORMAT = "dwarf-with-dsym";
				ENABLE_NS_ASSERTIONS = NO;
				ENABLE_STRICT_OBJC_MSGSEND = YES;
				GCC_C_LANGUAGE_STANDARD = gnu11;
				GCC_NO_COMMON_BLOCKS = YES;
				GCC_WARN_64_TO_32_BIT_CONVERSION = YES;
				GCC_WARN_ABOUT_RETURN_TYPE = YES_ERROR;
				GCC_WARN_UNDECLARED_SELECTOR = YES;
				GCC_WARN_UNINITIALIZED_AUTOS = YES_AGGRESSIVE;
				GCC_WARN_UNUSED_FUNCTION = YES;
				GCC_WARN_UNUSED_VARIABLE = YES;
				IPHONEOS_DEPLOYMENT_TARGET = 13.7;
				MTL_ENABLE_DEBUG_INFO = NO;
				MTL_FAST_MATH = YES;
				SDKROOT = iphoneos;
				SWIFT_COMPILATION_MODE = wholemodule;
				SWIFT_OPTIMIZATION_LEVEL = "-O";
				VALIDATE_PRODUCT = YES;
			};
			name = Release;
		};
		4B3CA72925382A0200D17FA8 /* Debug */ = {
			isa = XCBuildConfiguration;
			baseConfigurationReference = C7BEF0C55C340262C87FB9A2 /* Pods-MyTodolist.debug.xcconfig */;
			buildSettings = {
				ASSETCATALOG_COMPILER_APPICON_NAME = AppIcon;
				CODE_SIGN_STYLE = Automatic;
				INFOPLIST_FILE = MyTodolist/Info.plist;
				LD_RUNPATH_SEARCH_PATHS = (
					"$(inherited)",
					"@executable_path/Frameworks",
				);
				PRODUCT_BUNDLE_IDENTIFIER = com.example.MyTodolist;
				PRODUCT_NAME = "$(TARGET_NAME)";
				SWIFT_VERSION = 5.0;
				TARGETED_DEVICE_FAMILY = "1,2";
			};
			name = Debug;
		};
		4B3CA72A25382A0200D17FA8 /* Release */ = {
			isa = XCBuildConfiguration;
			baseConfigurationReference = E3EBB062A498F09CF9DF9AB5 /* Pods-MyTodolist.release.xcconfig */;
			buildSettings = {
				ASSETCATALOG_COMPILER_APPICON_NAME = AppIcon;
				CODE_SIGN_STYLE = Automatic;
				INFOPLIST_FILE = MyTodolist/Info.plist;
				LD_RUNPATH_SEARCH_PATHS = (
					"$(inherited)",
					"@executable_path/Frameworks",
				);
				PRODUCT_BUNDLE_IDENTIFIER = com.example.MyTodolist;
				PRODUCT_NAME = "$(TARGET_NAME)";
				SWIFT_VERSION = 5.0;
				TARGETED_DEVICE_FAMILY = "1,2";
			};
			name = Release;
		};
/* End XCBuildConfiguration section */

/* Begin XCConfigurationList section */
		4B3CA70C253829FE00D17FA8 /* Build configuration list for PBXProject "MyTodolist" */ = {
			isa = XCConfigurationList;
			buildConfigurations = (
				4B3CA72625382A0200D17FA8 /* Debug */,
				4B3CA72725382A0200D17FA8 /* Release */,
			);
			defaultConfigurationIsVisible = 0;
			defaultConfigurationName = Release;
		};
		4B3CA72825382A0200D17FA8 /* Build configuration list for PBXNativeTarget "MyTodolist" */ = {
			isa = XCConfigurationList;
			buildConfigurations = (
				4B3CA72925382A0200D17FA8 /* Debug */,
				4B3CA72A25382A0200D17FA8 /* Release */,
			);
			defaultConfigurationIsVisible = 0;
			defaultConfigurationName = Release;
		};
/* End XCConfigurationList section */

/* Begin XCVersionGroup section */
		4B3CA71D253829FE00D17FA8 /* MyTodolist.xcdatamodeld */ = {
			isa = XCVersionGroup;
			children = (
				4B3CA71E253829FE00D17FA8 /* MyTodolist.xcdatamodel */,
			);
			currentVersion = 4B3CA71E253829FE00D17FA8 /* MyTodolist.xcdatamodel */;
			path = MyTodolist.xcdatamodeld;
			sourceTree = "<group>";
			versionGroupType = wrapper.xcdatamodel;
		};
/* End XCVersionGroup section */
	};
	rootObject = 4B3CA709253829FE00D17FA8 /* Project object */;
}
